{
  "name": "applet",
  "version": "1.0.0",
  "lockfileVersion": 1,
  "requires": true,
  "dependencies": {
    "@lucky-canvas/mini": {
      "version": "0.0.6",
      "resolved": "https://registry.npmjs.org/@lucky-canvas/mini/-/mini-0.0.6.tgz",
      "integrity": "sha512-4wX/481bwA3eWMfeSgVPsQYYk4KRlGH/CSmSytg6kHK/oUk2kOhnSHBCUfR8K9wyuo8fDWoQ7iBqZ523KmLoDA==",
      "requires": {
        "lucky-canvas": "~1.7.16"
      }
    },
    "@vant/weapp": {
      "version": "1.6.8",
      "resolved": "https://registry.npmjs.org/@vant/weapp/-/weapp-1.6.8.tgz",
      "integrity": "sha512-CvRgAZdGUtJKEnd2wmjw3oaRYXBq/YqerFTmf19cTd3G9+vRR67nSXPMUNQEoPPSm7LZo6gF6Xk/5pYx4Q4C0Q=="
    },
    "lucky-canvas": {
      "version": "1.7.19",
      "resolved": "https://registry.npmjs.org/lucky-canvas/-/lucky-canvas-1.7.19.tgz",
      "integrity": "sha512-Gh6JZg0mc0ej9eG/UdTxwAY/OV2LsOXOF0XOK1lgCfdhMZM3TSphFi65zGL5lTVbFn9mNhieT6X3f3NNL3ihKg=="
    },
    "weui-miniprogram": {
      "version": "1.0.8",
      "resolved": "https://registry.npmjs.org/weui-miniprogram/-/weui-miniprogram-1.0.8.tgz",
      "integrity": "sha512-fm9Hi/3s2Imp2xufuxBcbzYxIcrVt0gPMIdjHfuIFA0Fxiukztc+c2nyFspmkI9YkrdHM1o2h6qsStdK+wFhWQ=="
    }
  }
}
